<?xml version="1.0" encoding="utf-8"?>
<Project ToolsVersion="4.0" xmlns="http://schemas.microsoft.com/developer/msbuild/2003">
  <ItemGroup>
    <ClCompile Include="main.cpp" />
    <ClCompile Include="Window.cpp" />
    <ClCompile Include="ShapeGenerator.cpp">
      <Filter>Primatives</Filter>
    </ClCompile>
  </ItemGroup>
  <ItemGroup>
    <ClInclude Include="Window.h" />
    <ClInclude Include="ShapeData.h">
      <Filter>Primatives</Filter>
    </ClInclude>
    <ClInclude Include="ShapeGenerator.h">
      <Filter>Primatives</Filter>
    </ClInclude>
    <ClInclude Include="Vertex.h">
      <Filter>Primatives</Filter>
    </ClInclude>
  </ItemGroup>
  <ItemGroup>
    <None Include="FragmentShaderCode.glsl" />
    <None Include="VertexShaderCode.glsl" />
  </ItemGroup>
  <ItemGroup>
    <Filter Include="Primatives">
      <UniqueIdentifier>{a4057c78-d2d3-4f33-9fa5-492a5c50a37e}</UniqueIdentifier>
    </Filter>
  </ItemGroup>
</Project>